PODS:
  - Realm (5.1.0):
    - Realm/Headers (= 5.1.0)
  - Realm/Headers (5.1.0)
  - RealmSwift (5.1.0):
    - Realm (= 5.1.0)
  - WaterfallGrid (0.4.0)

DEPENDENCIES:
  - RealmSwift
  - WaterfallGrid (~> 0.4.0)

SPEC REPOS:
  trunk:
    - Realm
    - RealmSwift
    - WaterfallGrid

SPEC CHECKSUMS:
  Realm: bdea546851e37b4cf0a2400cef115c7c26fda488
  RealmSwift: 70945aa168db93b215c460e9c8ef680261aa28af
  WaterfallGrid: 568881d69470c0ffe635732dfafd859db1365989

PODFILE CHECKSUM: d1377596c9031649f2339377f160be82c1f03876

COCOAPODS: 1.9.1
