// !$*UTF8*$!
{
	archiveVersion = 1;
	classes = {
	};
	objectVersion = 52;
	objects = {

/* Begin PBXBuildFile section */
		228B945F0109A7A1CF97E63F /* Pods_LijnTests.framework in Frameworks */ = {isa = PBXBuildFile; fileRef = 4AF0226E523A8F534C99C1A4 /* Pods_LijnTests.framework */; };
		2E8F6DAFFA2E7865C2835E7D /* Pods_Lijn.framework in Frameworks */ = {isa = PBXBuildFile; fileRef = 2EDE670E9979088F478A4C73 /* Pods_Lijn.framework */; };
		4C0398024EEAA2246032A195 /* Pods_Lijn_LijnUITests.framework in Frameworks */ = {isa = PBXBuildFile; fileRef = 3B8FBC4D03C709D8761AA245 /* Pods_Lijn_LijnUITests.framework */; };
		EB0C6F6024818C2600C43AE0 /* OPFMetadata.swift in Sources */ = {isa = PBXBuildFile; fileRef = EB0C6F5F24818C2600C43AE0 /* OPFMetadata.swift */; };
		EB0FD7A42490243400E02966 /* MetadataEditor.swift in Sources */ = {isa = PBXBuildFile; fileRef = EB0FD7A32490243400E02966 /* MetadataEditor.swift */; };
		EB0FD7A62490266900E02966 /* CBZMetadata.swift in Sources */ = {isa = PBXBuildFile; fileRef = EB0FD7A52490266900E02966 /* CBZMetadata.swift */; };
		EB0FD7A82490E20600E02966 /* ComicView.swift in Sources */ = {isa = PBXBuildFile; fileRef = EB0FD7A72490E20600E02966 /* ComicView.swift */; };
		EB120EC22475A1D90059898C /* AppDelegate.swift in Sources */ = {isa = PBXBuildFile; fileRef = EB120EC12475A1D90059898C /* AppDelegate.swift */; };
		EB120EC42475A1D90059898C /* SceneDelegate.swift in Sources */ = {isa = PBXBuildFile; fileRef = EB120EC32475A1D90059898C /* SceneDelegate.swift */; };
		EB120EC62475A1D90059898C /* ContentView.swift in Sources */ = {isa = PBXBuildFile; fileRef = EB120EC52475A1D90059898C /* ContentView.swift */; };
		EB120EC82475A1DF0059898C /* Assets.xcassets in Resources */ = {isa = PBXBuildFile; fileRef = EB120EC72475A1DF0059898C /* Assets.xcassets */; };
		EB120ECB2475A1DF0059898C /* Preview Assets.xcassets in Resources */ = {isa = PBXBuildFile; fileRef = EB120ECA2475A1DF0059898C /* Preview Assets.xcassets */; };
		EB120ECE2475A1DF0059898C /* LaunchScreen.storyboard in Resources */ = {isa = PBXBuildFile; fileRef = EB120ECC2475A1DF0059898C /* LaunchScreen.storyboard */; };
		EB120ED92475A1E00059898C /* LijnTests.swift in Sources */ = {isa = PBXBuildFile; fileRef = EB120ED82475A1E00059898C /* LijnTests.swift */; };
		EB120EE42475A1E00059898C /* LijnUITests.swift in Sources */ = {isa = PBXBuildFile; fileRef = EB120EE32475A1E00059898C /* LijnUITests.swift */; };
		EB120EF22475A25E0059898C /* LibraryView.swift in Sources */ = {isa = PBXBuildFile; fileRef = EB120EF12475A25E0059898C /* LibraryView.swift */; };
		EB120EF42475A28A0059898C /* BookView.swift in Sources */ = {isa = PBXBuildFile; fileRef = EB120EF32475A28A0059898C /* BookView.swift */; };
		EB28D2A4248A3ABB00012380 /* DocumentsScanner.swift in Sources */ = {isa = PBXBuildFile; fileRef = EB28D2A3248A3ABB00012380 /* DocumentsScanner.swift */; };
		EB31B5DB248D89710068055F /* K.swift in Sources */ = {isa = PBXBuildFile; fileRef = EB31B5DA248D89710068055F /* K.swift */; };
		EB4585602496BDB9002DF92A /* ComicOverlay.swift in Sources */ = {isa = PBXBuildFile; fileRef = EB45855F2496BDB9002DF92A /* ComicOverlay.swift */; };
		EB52946E247D80F200FE4034 /* SettingsView.swift in Sources */ = {isa = PBXBuildFile; fileRef = EB52946D247D80F200FE4034 /* SettingsView.swift */; };
		EB55A3612477111C0067FD53 /* ImportView.swift in Sources */ = {isa = PBXBuildFile; fileRef = EB55A3602477111C0067FD53 /* ImportView.swift */; };
		EB55FC4C24D3117B00D664B1 /* PageView.swift in Sources */ = {isa = PBXBuildFile; fileRef = EB55FC4B24D3117B00D664B1 /* PageView.swift */; };
		EB6944B024ACD2FF00D27748 /* SwiftUIPullToRefresh in Frameworks */ = {isa = PBXBuildFile; productRef = EB6944AF24ACD2FF00D27748 /* SwiftUIPullToRefresh */; };
		EB8E98B324BF51AC00876044 /* PDFKitRepresentedView.swift in Sources */ = {isa = PBXBuildFile; fileRef = EB8E98B224BF51AC00876044 /* PDFKitRepresentedView.swift */; };
		EB8E98B524BF520900876044 /* CBZView.swift in Sources */ = {isa = PBXBuildFile; fileRef = EB8E98B424BF520900876044 /* CBZView.swift */; };
		EB8F3CC7248AC6BD00297DA9 /* PDFMetadata.swift in Sources */ = {isa = PBXBuildFile; fileRef = EB8F3CC6248AC6BD00297DA9 /* PDFMetadata.swift */; };
		EBA97D7124D2F27B00C532AB /* CBZViewController.swift in Sources */ = {isa = PBXBuildFile; fileRef = EBA97D7024D2F27B00C532AB /* CBZViewController.swift */; };
		EBBAA467247DC03D0083A607 /* NewYorkExtraLarge-Medium.otf in Resources */ = {isa = PBXBuildFile; fileRef = EBBAA465247DBFFC0083A607 /* NewYorkExtraLarge-Medium.otf */; };
		EBBAA468247DC0400083A607 /* NewYorkExtraLarge-Bold.otf in Resources */ = {isa = PBXBuildFile; fileRef = EBBAA464247DBFFA0083A607 /* NewYorkExtraLarge-Bold.otf */; };
		EBC8E2142476CB2E00C7B620 /* DatabaseController.swift in Sources */ = {isa = PBXBuildFile; fileRef = EBC8E2132476CB2E00C7B620 /* DatabaseController.swift */; };
		EBE025C724929E7800C27764 /* UserData.swift in Sources */ = {isa = PBXBuildFile; fileRef = EBE025C624929E7800C27764 /* UserData.swift */; };
		EBE22B4D24D1638500557B4A /* ImageResizer.swift in Sources */ = {isa = PBXBuildFile; fileRef = EBE22B4C24D1638500557B4A /* ImageResizer.swift */; };
/* End PBXBuildFile section */

/* Begin PBXContainerItemProxy section */
		EB120ED52475A1E00059898C /* PBXContainerItemProxy */ = {
			isa = PBXContainerItemProxy;
			containerPortal = EB120EB62475A1D90059898C /* Project object */;
			proxyType = 1;
			remoteGlobalIDString = EB120EBD2475A1D90059898C;
			remoteInfo = Lijn;
		};
		EB120EE02475A1E00059898C /* PBXContainerItemProxy */ = {
			isa = PBXContainerItemProxy;
			containerPortal = EB120EB62475A1D90059898C /* Project object */;
			proxyType = 1;
			remoteGlobalIDString = EB120EBD2475A1D90059898C;
			remoteInfo = Lijn;
		};
/* End PBXContainerItemProxy section */

/* Begin PBXFileReference section */
		225AE9D7ABE55A57499AA5BF /* Pods-Lijn-LijnUITests.release.xcconfig */ = {isa = PBXFileReference; includeInIndex = 1; lastKnownFileType = text.xcconfig; name = "Pods-Lijn-LijnUITests.release.xcconfig"; path = "Target Support Files/Pods-Lijn-LijnUITests/Pods-Lijn-LijnUITests.release.xcconfig"; sourceTree = "<group>"; };
		2B765C8B658BD17BE8B35931 /* Pods-LijnTests.release.xcconfig */ = {isa = PBXFileReference; includeInIndex = 1; lastKnownFileType = text.xcconfig; name = "Pods-LijnTests.release.xcconfig"; path = "Target Support Files/Pods-LijnTests/Pods-LijnTests.release.xcconfig"; sourceTree = "<group>"; };
		2EDE670E9979088F478A4C73 /* Pods_Lijn.framework */ = {isa = PBXFileReference; explicitFileType = wrapper.framework; includeInIndex = 0; path = Pods_Lijn.framework; sourceTree = BUILT_PRODUCTS_DIR; };
		3B8FBC4D03C709D8761AA245 /* Pods_Lijn_LijnUITests.framework */ = {isa = PBXFileReference; explicitFileType = wrapper.framework; includeInIndex = 0; path = Pods_Lijn_LijnUITests.framework; sourceTree = BUILT_PRODUCTS_DIR; };
		41A22F0477213AABF2E80E6E /* Pods-Lijn-LijnUITests.debug.xcconfig */ = {isa = PBXFileReference; includeInIndex = 1; lastKnownFileType = text.xcconfig; name = "Pods-Lijn-LijnUITests.debug.xcconfig"; path = "Target Support Files/Pods-Lijn-LijnUITests/Pods-Lijn-LijnUITests.debug.xcconfig"; sourceTree = "<group>"; };
		4AF0226E523A8F534C99C1A4 /* Pods_LijnTests.framework */ = {isa = PBXFileReference; explicitFileType = wrapper.framework; includeInIndex = 0; path = Pods_LijnTests.framework; sourceTree = BUILT_PRODUCTS_DIR; };
		72C10C67E116CCCA2F4960C0 /* Pods-Lijn.debug.xcconfig */ = {isa = PBXFileReference; includeInIndex = 1; lastKnownFileType = text.xcconfig; name = "Pods-Lijn.debug.xcconfig"; path = "Target Support Files/Pods-Lijn/Pods-Lijn.debug.xcconfig"; sourceTree = "<group>"; };
		C7CA6F7E9A98E7A7875B1399 /* Pods-LijnTests.debug.xcconfig */ = {isa = PBXFileReference; includeInIndex = 1; lastKnownFileType = text.xcconfig; name = "Pods-LijnTests.debug.xcconfig"; path = "Target Support Files/Pods-LijnTests/Pods-LijnTests.debug.xcconfig"; sourceTree = "<group>"; };
		EB0C6F5F24818C2600C43AE0 /* OPFMetadata.swift */ = {isa = PBXFileReference; fileEncoding = 4; lastKnownFileType = sourcecode.swift; path = OPFMetadata.swift; sourceTree = "<group>"; };
		EB0FD7A32490243400E02966 /* MetadataEditor.swift */ = {isa = PBXFileReference; lastKnownFileType = sourcecode.swift; path = MetadataEditor.swift; sourceTree = "<group>"; };
		EB0FD7A52490266900E02966 /* CBZMetadata.swift */ = {isa = PBXFileReference; lastKnownFileType = sourcecode.swift; path = CBZMetadata.swift; sourceTree = "<group>"; };
		EB0FD7A72490E20600E02966 /* ComicView.swift */ = {isa = PBXFileReference; lastKnownFileType = sourcecode.swift; path = ComicView.swift; sourceTree = "<group>"; };
		EB120EBE2475A1D90059898C /* Lijn.app */ = {isa = PBXFileReference; explicitFileType = wrapper.application; includeInIndex = 0; path = Lijn.app; sourceTree = BUILT_PRODUCTS_DIR; };
		EB120EC12475A1D90059898C /* AppDelegate.swift */ = {isa = PBXFileReference; lastKnownFileType = sourcecode.swift; path = AppDelegate.swift; sourceTree = "<group>"; };
		EB120EC32475A1D90059898C /* SceneDelegate.swift */ = {isa = PBXFileReference; lastKnownFileType = sourcecode.swift; path = SceneDelegate.swift; sourceTree = "<group>"; };
		EB120EC52475A1D90059898C /* ContentView.swift */ = {isa = PBXFileReference; lastKnownFileType = sourcecode.swift; path = ContentView.swift; sourceTree = "<group>"; };
		EB120EC72475A1DF0059898C /* Assets.xcassets */ = {isa = PBXFileReference; lastKnownFileType = folder.assetcatalog; path = Assets.xcassets; sourceTree = "<group>"; };
		EB120ECA2475A1DF0059898C /* Preview Assets.xcassets */ = {isa = PBXFileReference; lastKnownFileType = folder.assetcatalog; path = "Preview Assets.xcassets"; sourceTree = "<group>"; };
		EB120ECD2475A1DF0059898C /* Base */ = {isa = PBXFileReference; lastKnownFileType = file.storyboard; name = Base; path = Base.lproj/LaunchScreen.storyboard; sourceTree = "<group>"; };
		EB120ECF2475A1DF0059898C /* Info.plist */ = {isa = PBXFileReference; lastKnownFileType = text.plist.xml; path = Info.plist; sourceTree = "<group>"; };
		EB120ED42475A1E00059898C /* LijnTests.xctest */ = {isa = PBXFileReference; explicitFileType = wrapper.cfbundle; includeInIndex = 0; path = LijnTests.xctest; sourceTree = BUILT_PRODUCTS_DIR; };
		EB120ED82475A1E00059898C /* LijnTests.swift */ = {isa = PBXFileReference; lastKnownFileType = sourcecode.swift; path = LijnTests.swift; sourceTree = "<group>"; };
		EB120EDA2475A1E00059898C /* Info.plist */ = {isa = PBXFileReference; lastKnownFileType = text.plist.xml; path = Info.plist; sourceTree = "<group>"; };
		EB120EDF2475A1E00059898C /* LijnUITests.xctest */ = {isa = PBXFileReference; explicitFileType = wrapper.cfbundle; includeInIndex = 0; path = LijnUITests.xctest; sourceTree = BUILT_PRODUCTS_DIR; };
		EB120EE32475A1E00059898C /* LijnUITests.swift */ = {isa = PBXFileReference; lastKnownFileType = sourcecode.swift; path = LijnUITests.swift; sourceTree = "<group>"; };
		EB120EE52475A1E00059898C /* Info.plist */ = {isa = PBXFileReference; lastKnownFileType = text.plist.xml; path = Info.plist; sourceTree = "<group>"; };
		EB120EF12475A25E0059898C /* LibraryView.swift */ = {isa = PBXFileReference; fileEncoding = 4; lastKnownFileType = sourcecode.swift; path = LibraryView.swift; sourceTree = "<group>"; };
		EB120EF32475A28A0059898C /* BookView.swift */ = {isa = PBXFileReference; fileEncoding = 4; lastKnownFileType = sourcecode.swift; path = BookView.swift; sourceTree = "<group>"; };
		EB28D2A3248A3ABB00012380 /* DocumentsScanner.swift */ = {isa = PBXFileReference; lastKnownFileType = sourcecode.swift; path = DocumentsScanner.swift; sourceTree = "<group>"; };
		EB31B5DA248D89710068055F /* K.swift */ = {isa = PBXFileReference; lastKnownFileType = sourcecode.swift; path = K.swift; sourceTree = "<group>"; };
		EB45855F2496BDB9002DF92A /* ComicOverlay.swift */ = {isa = PBXFileReference; lastKnownFileType = sourcecode.swift; path = ComicOverlay.swift; sourceTree = "<group>"; };
		EB52946D247D80F200FE4034 /* SettingsView.swift */ = {isa = PBXFileReference; lastKnownFileType = sourcecode.swift; path = SettingsView.swift; sourceTree = "<group>"; };
		EB55A3602477111C0067FD53 /* ImportView.swift */ = {isa = PBXFileReference; lastKnownFileType = sourcecode.swift; path = ImportView.swift; sourceTree = "<group>"; };
		EB55FC4B24D3117B00D664B1 /* PageView.swift */ = {isa = PBXFileReference; lastKnownFileType = sourcecode.swift; path = PageView.swift; sourceTree = "<group>"; };
		EB8E98B224BF51AC00876044 /* PDFKitRepresentedView.swift */ = {isa = PBXFileReference; lastKnownFileType = sourcecode.swift; path = PDFKitRepresentedView.swift; sourceTree = "<group>"; };
		EB8E98B424BF520900876044 /* CBZView.swift */ = {isa = PBXFileReference; lastKnownFileType = sourcecode.swift; path = CBZView.swift; sourceTree = "<group>"; };
		EB8F3CC6248AC6BD00297DA9 /* PDFMetadata.swift */ = {isa = PBXFileReference; lastKnownFileType = sourcecode.swift; path = PDFMetadata.swift; sourceTree = "<group>"; };
		EBA97D7024D2F27B00C532AB /* CBZViewController.swift */ = {isa = PBXFileReference; lastKnownFileType = sourcecode.swift; name = CBZViewController.swift; path = ../../../CBZViewController.swift; sourceTree = "<group>"; };
		EBBAA464247DBFFA0083A607 /* NewYorkExtraLarge-Bold.otf */ = {isa = PBXFileReference; lastKnownFileType = file; path = "NewYorkExtraLarge-Bold.otf"; sourceTree = "<group>"; };
		EBBAA465247DBFFC0083A607 /* NewYorkExtraLarge-Medium.otf */ = {isa = PBXFileReference; lastKnownFileType = file; path = "NewYorkExtraLarge-Medium.otf"; sourceTree = "<group>"; };
		EBC8E2132476CB2E00C7B620 /* DatabaseController.swift */ = {isa = PBXFileReference; lastKnownFileType = sourcecode.swift; path = DatabaseController.swift; sourceTree = "<group>"; };
		EBE025C624929E7800C27764 /* UserData.swift */ = {isa = PBXFileReference; fileEncoding = 4; lastKnownFileType = sourcecode.swift; path = UserData.swift; sourceTree = "<group>"; };
		EBE22B4C24D1638500557B4A /* ImageResizer.swift */ = {isa = PBXFileReference; lastKnownFileType = sourcecode.swift; path = ImageResizer.swift; sourceTree = "<group>"; };
		F9158B046F5FD14E57B3CC6A /* Pods-Lijn.release.xcconfig */ = {isa = PBXFileReference; includeInIndex = 1; lastKnownFileType = text.xcconfig; name = "Pods-Lijn.release.xcconfig"; path = "Target Support Files/Pods-Lijn/Pods-Lijn.release.xcconfig"; sourceTree = "<group>"; };
/* End PBXFileReference section */

/* Begin PBXFrameworksBuildPhase section */
		EB120EBB2475A1D90059898C /* Frameworks */ = {
			isa = PBXFrameworksBuildPhase;
			buildActionMask = 2147483647;
			files = (
				EB6944B024ACD2FF00D27748 /* SwiftUIPullToRefresh in Frameworks */,
				2E8F6DAFFA2E7865C2835E7D /* Pods_Lijn.framework in Frameworks */,
			);
			runOnlyForDeploymentPostprocessing = 0;
		};
		EB120ED12475A1E00059898C /* Frameworks */ = {
			isa = PBXFrameworksBuildPhase;
			buildActionMask = 2147483647;
			files = (
				228B945F0109A7A1CF97E63F /* Pods_LijnTests.framework in Frameworks */,
			);
			runOnlyForDeploymentPostprocessing = 0;
		};
		EB120EDC2475A1E00059898C /* Frameworks */ = {
			isa = PBXFrameworksBuildPhase;
			buildActionMask = 2147483647;
			files = (
				4C0398024EEAA2246032A195 /* Pods_Lijn_LijnUITests.framework in Frameworks */,
			);
			runOnlyForDeploymentPostprocessing = 0;
		};
/* End PBXFrameworksBuildPhase section */

/* Begin PBXGroup section */
		2C08E1D74C66CF11307C1CC4 /* Pods */ = {
			isa = PBXGroup;
			children = (
				72C10C67E116CCCA2F4960C0 /* Pods-Lijn.debug.xcconfig */,
				F9158B046F5FD14E57B3CC6A /* Pods-Lijn.release.xcconfig */,
				41A22F0477213AABF2E80E6E /* Pods-Lijn-LijnUITests.debug.xcconfig */,
				225AE9D7ABE55A57499AA5BF /* Pods-Lijn-LijnUITests.release.xcconfig */,
				C7CA6F7E9A98E7A7875B1399 /* Pods-LijnTests.debug.xcconfig */,
				2B765C8B658BD17BE8B35931 /* Pods-LijnTests.release.xcconfig */,
			);
			path = Pods;
			sourceTree = "<group>";
		};
		94510E05A47C1564C89B9BE1 /* Frameworks */ = {
			isa = PBXGroup;
			children = (
				2EDE670E9979088F478A4C73 /* Pods_Lijn.framework */,
				3B8FBC4D03C709D8761AA245 /* Pods_Lijn_LijnUITests.framework */,
				4AF0226E523A8F534C99C1A4 /* Pods_LijnTests.framework */,
			);
			name = Frameworks;
			sourceTree = "<group>";
		};
		EB0FD7A22490241900E02966 /* Contextual Menu */ = {
			isa = PBXGroup;
			children = (
				EB0FD7A32490243400E02966 /* MetadataEditor.swift */,
			);
			path = "Contextual Menu";
			sourceTree = "<group>";
		};
		EB120EB52475A1D90059898C = {
			isa = PBXGroup;
			children = (
				EB120EC02475A1D90059898C /* Lijn */,
				EB120ED72475A1E00059898C /* LijnTests */,
				EB120EE22475A1E00059898C /* LijnUITests */,
				EB120EBF2475A1D90059898C /* Products */,
				2C08E1D74C66CF11307C1CC4 /* Pods */,
				94510E05A47C1564C89B9BE1 /* Frameworks */,
			);
			sourceTree = "<group>";
		};
		EB120EBF2475A1D90059898C /* Products */ = {
			isa = PBXGroup;
			children = (
				EB120EBE2475A1D90059898C /* Lijn.app */,
				EB120ED42475A1E00059898C /* LijnTests.xctest */,
				EB120EDF2475A1E00059898C /* LijnUITests.xctest */,
			);
			name = Products;
			sourceTree = "<group>";
		};
		EB120EC02475A1D90059898C /* Lijn */ = {
			isa = PBXGroup;
			children = (
				EB120EC12475A1D90059898C /* AppDelegate.swift */,
				EBE025C624929E7800C27764 /* UserData.swift */,
				EB31B5DA248D89710068055F /* K.swift */,
				EBBAA466247DC00A0083A607 /* Fonts */,
				EB120EC32475A1D90059898C /* SceneDelegate.swift */,
				EB28D2A2248A3A0F00012380 /* Controllers */,
				EBC8E20E2476C3E600C7B620 /* Views */,
				EB120EC72475A1DF0059898C /* Assets.xcassets */,
				EB120ECC2475A1DF0059898C /* LaunchScreen.storyboard */,
				EB120ECF2475A1DF0059898C /* Info.plist */,
				EB120EC92475A1DF0059898C /* Preview Content */,
			);
			path = Lijn;
			sourceTree = "<group>";
		};
		EB120EC92475A1DF0059898C /* Preview Content */ = {
			isa = PBXGroup;
			children = (
				EB120ECA2475A1DF0059898C /* Preview Assets.xcassets */,
			);
			path = "Preview Content";
			sourceTree = "<group>";
		};
		EB120ED72475A1E00059898C /* LijnTests */ = {
			isa = PBXGroup;
			children = (
				EB120ED82475A1E00059898C /* LijnTests.swift */,
				EB120EDA2475A1E00059898C /* Info.plist */,
			);
			path = LijnTests;
			sourceTree = "<group>";
		};
		EB120EE22475A1E00059898C /* LijnUITests */ = {
			isa = PBXGroup;
			children = (
				EB120EE32475A1E00059898C /* LijnUITests.swift */,
				EB120EE52475A1E00059898C /* Info.plist */,
			);
			path = LijnUITests;
			sourceTree = "<group>";
		};
		EB28D2A2248A3A0F00012380 /* Controllers */ = {
			isa = PBXGroup;
			children = (
				EBC8E2102476C3FA00C7B620 /* Database */,
				EB28D2A3248A3ABB00012380 /* DocumentsScanner.swift */,
				EBE22B4C24D1638500557B4A /* ImageResizer.swift */,
			);
			path = Controllers;
			sourceTree = "<group>";
		};
		EB31B5D9248D7E430068055F /* Library */ = {
			isa = PBXGroup;
			children = (
				EB0FD7A22490241900E02966 /* Contextual Menu */,
				EB120EF12475A25E0059898C /* LibraryView.swift */,
				EB120EF32475A28A0059898C /* BookView.swift */,
			);
			path = Library;
			sourceTree = "<group>";
		};
		EB8E98B124BF517500876044 /* ComicView */ = {
			isa = PBXGroup;
			children = (
				EB0FD7A72490E20600E02966 /* ComicView.swift */,
				EB55FC4B24D3117B00D664B1 /* PageView.swift */,
				EB45855F2496BDB9002DF92A /* ComicOverlay.swift */,
				EB8E98B224BF51AC00876044 /* PDFKitRepresentedView.swift */,
				EB8E98B424BF520900876044 /* CBZView.swift */,
				EBA97D7024D2F27B00C532AB /* CBZViewController.swift */,
			);
			path = ComicView;
			sourceTree = "<group>";
		};
		EB8F3CC5248AC68D00297DA9 /* Metadata */ = {
			isa = PBXGroup;
			children = (
				EB0C6F5F24818C2600C43AE0 /* OPFMetadata.swift */,
				EB8F3CC6248AC6BD00297DA9 /* PDFMetadata.swift */,
				EB0FD7A52490266900E02966 /* CBZMetadata.swift */,
			);
			path = Metadata;
			sourceTree = "<group>";
		};
		EBBAA466247DC00A0083A607 /* Fonts */ = {
			isa = PBXGroup;
			children = (
				EBBAA465247DBFFC0083A607 /* NewYorkExtraLarge-Medium.otf */,
				EBBAA464247DBFFA0083A607 /* NewYorkExtraLarge-Bold.otf */,
			);
			path = Fonts;
			sourceTree = "<group>";
		};
		EBC8E20E2476C3E600C7B620 /* Views */ = {
			isa = PBXGroup;
			children = (
				EB8E98B124BF517500876044 /* ComicView */,
				EB31B5D9248D7E430068055F /* Library */,
				EB55A3602477111C0067FD53 /* ImportView.swift */,
				EB52946D247D80F200FE4034 /* SettingsView.swift */,
				EB120EC52475A1D90059898C /* ContentView.swift */,
			);
			path = Views;
			sourceTree = "<group>";
		};
		EBC8E2102476C3FA00C7B620 /* Database */ = {
			isa = PBXGroup;
			children = (
				EBC8E2132476CB2E00C7B620 /* DatabaseController.swift */,
				EB8F3CC5248AC68D00297DA9 /* Metadata */,
			);
			path = Database;
			sourceTree = "<group>";
		};
/* End PBXGroup section */

/* Begin PBXNativeTarget section */
		EB120EBD2475A1D90059898C /* Lijn */ = {
			isa = PBXNativeTarget;
			buildConfigurationList = EB120EE82475A1E00059898C /* Build configuration list for PBXNativeTarget "Lijn" */;
			buildPhases = (
				D559F7E72165BCF83DECCEFC /* [CP] Check Pods Manifest.lock */,
				EB120EBA2475A1D90059898C /* Sources */,
				EB120EBB2475A1D90059898C /* Frameworks */,
				EB120EBC2475A1D90059898C /* Resources */,
				253ADB3A13365760D2477D71 /* [CP] Embed Pods Frameworks */,
			);
			buildRules = (
			);
			dependencies = (
			);
			name = Lijn;
			packageProductDependencies = (
				EB6944AF24ACD2FF00D27748 /* SwiftUIPullToRefresh */,
			);
			productName = Lijn;
			productReference = EB120EBE2475A1D90059898C /* Lijn.app */;
			productType = "com.apple.product-type.application";
		};
		EB120ED32475A1E00059898C /* LijnTests */ = {
			isa = PBXNativeTarget;
			buildConfigurationList = EB120EEB2475A1E00059898C /* Build configuration list for PBXNativeTarget "LijnTests" */;
			buildPhases = (
				18CCBEB279AF78B4A76FDDAD /* [CP] Check Pods Manifest.lock */,
				EB120ED02475A1E00059898C /* Sources */,
				EB120ED12475A1E00059898C /* Frameworks */,
				EB120ED22475A1E00059898C /* Resources */,
			);
			buildRules = (
			);
			dependencies = (
				EB120ED62475A1E00059898C /* PBXTargetDependency */,
			);
			name = LijnTests;
			productName = LijnTests;
			productReference = EB120ED42475A1E00059898C /* LijnTests.xctest */;
			productType = "com.apple.product-type.bundle.unit-test";
		};
		EB120EDE2475A1E00059898C /* LijnUITests */ = {
			isa = PBXNativeTarget;
			buildConfigurationList = EB120EEE2475A1E00059898C /* Build configuration list for PBXNativeTarget "LijnUITests" */;
			buildPhases = (
				15BC62EBCC050E28B84BA15E /* [CP] Check Pods Manifest.lock */,
				EB120EDB2475A1E00059898C /* Sources */,
				EB120EDC2475A1E00059898C /* Frameworks */,
				EB120EDD2475A1E00059898C /* Resources */,
				78B5E647C205121DF37605BE /* [CP] Embed Pods Frameworks */,
			);
			buildRules = (
			);
			dependencies = (
				EB120EE12475A1E00059898C /* PBXTargetDependency */,
			);
			name = LijnUITests;
			productName = LijnUITests;
			productReference = EB120EDF2475A1E00059898C /* LijnUITests.xctest */;
			productType = "com.apple.product-type.bundle.ui-testing";
		};
/* End PBXNativeTarget section */

/* Begin PBXProject section */
		EB120EB62475A1D90059898C /* Project object */ = {
			isa = PBXProject;
			attributes = {
				LastSwiftUpdateCheck = 1140;
				LastUpgradeCheck = 1200;
				ORGANIZATIONNAME = "Aymane Bengrina";
				TargetAttributes = {
					EB120EBD2475A1D90059898C = {
						CreatedOnToolsVersion = 11.4.1;
					};
					EB120ED32475A1E00059898C = {
						CreatedOnToolsVersion = 11.4.1;
						TestTargetID = EB120EBD2475A1D90059898C;
					};
					EB120EDE2475A1E00059898C = {
						CreatedOnToolsVersion = 11.4.1;
						TestTargetID = EB120EBD2475A1D90059898C;
					};
				};
			};
			buildConfigurationList = EB120EB92475A1D90059898C /* Build configuration list for PBXProject "Lijn" */;
			compatibilityVersion = "Xcode 9.3";
			developmentRegion = en;
			hasScannedForEncodings = 0;
			knownRegions = (
				en,
				Base,
			);
			mainGroup = EB120EB52475A1D90059898C;
			packageReferences = (
				EB6944AE24ACD2FF00D27748 /* XCRemoteSwiftPackageReference "SwiftUI-PullToRefresh" */,
			);
			productRefGroup = EB120EBF2475A1D90059898C /* Products */;
			projectDirPath = "";
			projectRoot = "";
			targets = (
				EB120EBD2475A1D90059898C /* Lijn */,
				EB120ED32475A1E00059898C /* LijnTests */,
				EB120EDE2475A1E00059898C /* LijnUITests */,
			);
		};
/* End PBXProject section */

/* Begin PBXResourcesBuildPhase section */
		EB120EBC2475A1D90059898C /* Resources */ = {
			isa = PBXResourcesBuildPhase;
			buildActionMask = 2147483647;
			files = (
				EBBAA468247DC0400083A607 /* NewYorkExtraLarge-Bold.otf in Resources */,
				EB120ECE2475A1DF0059898C /* LaunchScreen.storyboard in Resources */,
				EB120ECB2475A1DF0059898C /* Preview Assets.xcassets in Resources */,
				EB120EC82475A1DF0059898C /* Assets.xcassets in Resources */,
				EBBAA467247DC03D0083A607 /* NewYorkExtraLarge-Medium.otf in Resources */,
			);
			runOnlyForDeploymentPostprocessing = 0;
		};
		EB120ED22475A1E00059898C /* Resources */ = {
			isa = PBXResourcesBuildPhase;
			buildActionMask = 2147483647;
			files = (
			);
			runOnlyForDeploymentPostprocessing = 0;
		};
		EB120EDD2475A1E00059898C /* Resources */ = {
			isa = PBXResourcesBuildPhase;
			buildActionMask = 2147483647;
			files = (
			);
			runOnlyForDeploymentPostprocessing = 0;
		};
/* End PBXResourcesBuildPhase section */

/* Begin PBXShellScriptBuildPhase section */
		15BC62EBCC050E28B84BA15E /* [CP] Check Pods Manifest.lock */ = {
			isa = PBXShellScriptBuildPhase;
			buildActionMask = 2147483647;
			files = (
			);
			inputFileListPaths = (
			);
			inputPaths = (
				"${PODS_PODFILE_DIR_PATH}/Podfile.lock",
				"${PODS_ROOT}/Manifest.lock",
			);
			name = "[CP] Check Pods Manifest.lock";
			outputFileListPaths = (
			);
			outputPaths = (
				"$(DERIVED_FILE_DIR)/Pods-Lijn-LijnUITests-checkManifestLockResult.txt",
			);
			runOnlyForDeploymentPostprocessing = 0;
			shellPath = /bin/sh;
			shellScript = "diff \"${PODS_PODFILE_DIR_PATH}/Podfile.lock\" \"${PODS_ROOT}/Manifest.lock\" > /dev/null\nif [ $? != 0 ] ; then\n    # print error to STDERR\n    echo \"error: The sandbox is not in sync with the Podfile.lock. Run 'pod install' or update your CocoaPods installation.\" >&2\n    exit 1\nfi\n# This output is used by Xcode 'outputs' to avoid re-running this script phase.\necho \"SUCCESS\" > \"${SCRIPT_OUTPUT_FILE_0}\"\n";
			showEnvVarsInLog = 0;
		};
		18CCBEB279AF78B4A76FDDAD /* [CP] Check Pods Manifest.lock */ = {
			isa = PBXShellScriptBuildPhase;
			buildActionMask = 2147483647;
			files = (
			);
			inputFileListPaths = (
			);
			inputPaths = (
				"${PODS_PODFILE_DIR_PATH}/Podfile.lock",
				"${PODS_ROOT}/Manifest.lock",
			);
			name = "[CP] Check Pods Manifest.lock";
			outputFileListPaths = (
			);
			outputPaths = (
				"$(DERIVED_FILE_DIR)/Pods-LijnTests-checkManifestLockResult.txt",
			);
			runOnlyForDeploymentPostprocessing = 0;
			shellPath = /bin/sh;
			shellScript = "diff \"${PODS_PODFILE_DIR_PATH}/Podfile.lock\" \"${PODS_ROOT}/Manifest.lock\" > /dev/null\nif [ $? != 0 ] ; then\n    # print error to STDERR\n    echo \"error: The sandbox is not in sync with the Podfile.lock. Run 'pod install' or update your CocoaPods installation.\" >&2\n    exit 1\nfi\n# This output is used by Xcode 'outputs' to avoid re-running this script phase.\necho \"SUCCESS\" > \"${SCRIPT_OUTPUT_FILE_0}\"\n";
			showEnvVarsInLog = 0;
		};
		253ADB3A13365760D2477D71 /* [CP] Embed Pods Frameworks */ = {
			isa = PBXShellScriptBuildPhase;
			buildActionMask = 2147483647;
			files = (
			);
			inputFileListPaths = (
				"${PODS_ROOT}/Target Support Files/Pods-Lijn/Pods-Lijn-frameworks-${CONFIGURATION}-input-files.xcfilelist",
			);
			name = "[CP] Embed Pods Frameworks";
			outputFileListPaths = (
				"${PODS_ROOT}/Target Support Files/Pods-Lijn/Pods-Lijn-frameworks-${CONFIGURATION}-output-files.xcfilelist",
			);
			runOnlyForDeploymentPostprocessing = 0;
			shellPath = /bin/sh;
			shellScript = "\"${PODS_ROOT}/Target Support Files/Pods-Lijn/Pods-Lijn-frameworks.sh\"\n";
			showEnvVarsInLog = 0;
		};
		78B5E647C205121DF37605BE /* [CP] Embed Pods Frameworks */ = {
			isa = PBXShellScriptBuildPhase;
			buildActionMask = 2147483647;
			files = (
			);
			inputFileListPaths = (
				"${PODS_ROOT}/Target Support Files/Pods-Lijn-LijnUITests/Pods-Lijn-LijnUITests-frameworks-${CONFIGURATION}-input-files.xcfilelist",
			);
			name = "[CP] Embed Pods Frameworks";
			outputFileListPaths = (
				"${PODS_ROOT}/Target Support Files/Pods-Lijn-LijnUITests/Pods-Lijn-LijnUITests-frameworks-${CONFIGURATION}-output-files.xcfilelist",
			);
			runOnlyForDeploymentPostprocessing = 0;
			shellPath = /bin/sh;
			shellScript = "\"${PODS_ROOT}/Target Support Files/Pods-Lijn-LijnUITests/Pods-Lijn-LijnUITests-frameworks.sh\"\n";
			showEnvVarsInLog = 0;
		};
		D559F7E72165BCF83DECCEFC /* [CP] Check Pods Manifest.lock */ = {
			isa = PBXShellScriptBuildPhase;
			buildActionMask = 2147483647;
			files = (
			);
			inputFileListPaths = (
			);
			inputPaths = (
				"${PODS_PODFILE_DIR_PATH}/Podfile.lock",
				"${PODS_ROOT}/Manifest.lock",
			);
			name = "[CP] Check Pods Manifest.lock";
			outputFileListPaths = (
			);
			outputPaths = (
				"$(DERIVED_FILE_DIR)/Pods-Lijn-checkManifestLockResult.txt",
			);
			runOnlyForDeploymentPostprocessing = 0;
			shellPath = /bin/sh;
			shellScript = "diff \"${PODS_PODFILE_DIR_PATH}/Podfile.lock\" \"${PODS_ROOT}/Manifest.lock\" > /dev/null\nif [ $? != 0 ] ; then\n    # print error to STDERR\n    echo \"error: The sandbox is not in sync with the Podfile.lock. Run 'pod install' or update your CocoaPods installation.\" >&2\n    exit 1\nfi\n# This output is used by Xcode 'outputs' to avoid re-running this script phase.\necho \"SUCCESS\" > \"${SCRIPT_OUTPUT_FILE_0}\"\n";
			showEnvVarsInLog = 0;
		};
/* End PBXShellScriptBuildPhase section */

/* Begin PBXSourcesBuildPhase section */
		EB120EBA2475A1D90059898C /* Sources */ = {
			isa = PBXSourcesBuildPhase;
			buildActionMask = 2147483647;
			files = (
				EB0FD7A82490E20600E02966 /* ComicView.swift in Sources */,
				EB0C6F6024818C2600C43AE0 /* OPFMetadata.swift in Sources */,
				EB120EF22475A25E0059898C /* LibraryView.swift in Sources */,
				EB55A3612477111C0067FD53 /* ImportView.swift in Sources */,
				EB120EC22475A1D90059898C /* AppDelegate.swift in Sources */,
				EB31B5DB248D89710068055F /* K.swift in Sources */,
				EB4585602496BDB9002DF92A /* ComicOverlay.swift in Sources */,
				EB52946E247D80F200FE4034 /* SettingsView.swift in Sources */,
				EB0FD7A42490243400E02966 /* MetadataEditor.swift in Sources */,
				EB120EC42475A1D90059898C /* SceneDelegate.swift in Sources */,
				EB8E98B324BF51AC00876044 /* PDFKitRepresentedView.swift in Sources */,
				EB8F3CC7248AC6BD00297DA9 /* PDFMetadata.swift in Sources */,
				EBE22B4D24D1638500557B4A /* ImageResizer.swift in Sources */,
				EB28D2A4248A3ABB00012380 /* DocumentsScanner.swift in Sources */,
				EB120EC62475A1D90059898C /* ContentView.swift in Sources */,
				EBE025C724929E7800C27764 /* UserData.swift in Sources */,
				EBA97D7124D2F27B00C532AB /* CBZViewController.swift in Sources */,
				EB120EF42475A28A0059898C /* BookView.swift in Sources */,
				EBC8E2142476CB2E00C7B620 /* DatabaseController.swift in Sources */,
				EB55FC4C24D3117B00D664B1 /* PageView.swift in Sources */,
				EB8E98B524BF520900876044 /* CBZView.swift in Sources */,
				EB0FD7A62490266900E02966 /* CBZMetadata.swift in Sources */,
			);
			runOnlyForDeploymentPostprocessing = 0;
		};
		EB120ED02475A1E00059898C /* Sources */ = {
			isa = PBXSourcesBuildPhase;
			buildActionMask = 2147483647;
			files = (
				EB120ED92475A1E00059898C /* LijnTests.swift in Sources */,
			);
			runOnlyForDeploymentPostprocessing = 0;
		};
		EB120EDB2475A1E00059898C /* Sources */ = {
			isa = PBXSourcesBuildPhase;
			buildActionMask = 2147483647;
			files = (
				EB120EE42475A1E00059898C /* LijnUITests.swift in Sources */,
			);
			runOnlyForDeploymentPostprocessing = 0;
		};
/* End PBXSourcesBuildPhase section */

/* Begin PBXTargetDependency section */
		EB120ED62475A1E00059898C /* PBXTargetDependency */ = {
			isa = PBXTargetDependency;
			target = EB120EBD2475A1D90059898C /* Lijn */;
			targetProxy = EB120ED52475A1E00059898C /* PBXContainerItemProxy */;
		};
		EB120EE12475A1E00059898C /* PBXTargetDependency */ = {
			isa = PBXTargetDependency;
			target = EB120EBD2475A1D90059898C /* Lijn */;
			targetProxy = EB120EE02475A1E00059898C /* PBXContainerItemProxy */;
		};
/* End PBXTargetDependency section */

/* Begin PBXVariantGroup section */
		EB120ECC2475A1DF0059898C /* LaunchScreen.storyboard */ = {
			isa = PBXVariantGroup;
			children = (
				EB120ECD2475A1DF0059898C /* Base */,
			);
			name = LaunchScreen.storyboard;
			sourceTree = "<group>";
		};
/* End PBXVariantGroup section */

/* Begin XCBuildConfiguration section */
		EB120EE62475A1E00059898C /* Debug */ = {
			isa = XCBuildConfiguration;
			buildSettings = {
				ALWAYS_SEARCH_USER_PATHS = NO;
				CLANG_ANALYZER_NONNULL = YES;
				CLANG_ANALYZER_NUMBER_OBJECT_CONVERSION = YES_AGGRESSIVE;
				CLANG_CXX_LANGUAGE_STANDARD = "gnu++14";
				CLANG_CXX_LIBRARY = "libc++";
				CLANG_ENABLE_MODULES = YES;
				CLANG_ENABLE_OBJC_ARC = YES;
				CLANG_ENABLE_OBJC_WEAK = YES;
				CLANG_WARN_BLOCK_CAPTURE_AUTORELEASING = YES;
				CLANG_WARN_BOOL_CONVERSION = YES;
				CLANG_WARN_COMMA = YES;
				CLANG_WARN_CONSTANT_CONVERSION = YES;
				CLANG_WARN_DEPRECATED_OBJC_IMPLEMENTATIONS = YES;
				CLANG_WARN_DIRECT_OBJC_ISA_USAGE = YES_ERROR;
				CLANG_WARN_DOCUMENTATION_COMMENTS = YES;
				CLANG_WARN_EMPTY_BODY = YES;
				CLANG_WARN_ENUM_CONVERSION = YES;
				CLANG_WARN_INFINITE_RECURSION = YES;
				CLANG_WARN_INT_CONVERSION = YES;
				CLANG_WARN_NON_LITERAL_NULL_CONVERSION = YES;
				CLANG_WARN_OBJC_IMPLICIT_RETAIN_SELF = YES;
				CLANG_WARN_OBJC_LITERAL_CONVERSION = YES;
				CLANG_WARN_OBJC_ROOT_CLASS = YES_ERROR;
				CLANG_WARN_QUOTED_INCLUDE_IN_FRAMEWORK_HEADER = YES;
				CLANG_WARN_RANGE_LOOP_ANALYSIS = YES;
				CLANG_WARN_STRICT_PROTOTYPES = YES;
				CLANG_WARN_SUSPICIOUS_MOVE = YES;
				CLANG_WARN_UNGUARDED_AVAILABILITY = YES_AGGRESSIVE;
				CLANG_WARN_UNREACHABLE_CODE = YES;
				CLANG_WARN__DUPLICATE_METHOD_MATCH = YES;
				COPY_PHASE_STRIP = NO;
				DEBUG_INFORMATION_FORMAT = dwarf;
				ENABLE_STRICT_OBJC_MSGSEND = YES;
				ENABLE_TESTABILITY = YES;
				GCC_C_LANGUAGE_STANDARD = gnu11;
				GCC_DYNAMIC_NO_PIC = NO;
				GCC_NO_COMMON_BLOCKS = YES;
				GCC_OPTIMIZATION_LEVEL = 0;
				GCC_PREPROCESSOR_DEFINITIONS = (
					"DEBUG=1",
					"$(inherited)",
				);
				GCC_WARN_64_TO_32_BIT_CONVERSION = YES;
				GCC_WARN_ABOUT_RETURN_TYPE = YES_ERROR;
				GCC_WARN_UNDECLARED_SELECTOR = YES;
				GCC_WARN_UNINITIALIZED_AUTOS = YES_AGGRESSIVE;
				GCC_WARN_UNUSED_FUNCTION = YES;
				GCC_WARN_UNUSED_VARIABLE = YES;
				IPHONEOS_DEPLOYMENT_TARGET = 13.4;
				MTL_ENABLE_DEBUG_INFO = INCLUDE_SOURCE;
				MTL_FAST_MATH = YES;
				ONLY_ACTIVE_ARCH = YES;
				SDKROOT = iphoneos;
				SWIFT_ACTIVE_COMPILATION_CONDITIONS = DEBUG;
				SWIFT_OPTIMIZATION_LEVEL = "-Onone";
			};
			name = Debug;
		};
		EB120EE72475A1E00059898C /* Release */ = {
			isa = XCBuildConfiguration;
			buildSettings = {
				ALWAYS_SEARCH_USER_PATHS = NO;
				CLANG_ANALYZER_NONNULL = YES;
				CLANG_ANALYZER_NUMBER_OBJECT_CONVERSION = YES_AGGRESSIVE;
				CLANG_CXX_LANGUAGE_STANDARD = "gnu++14";
				CLANG_CXX_LIBRARY = "libc++";
				CLANG_ENABLE_MODULES = YES;
				CLANG_ENABLE_OBJC_ARC = YES;
				CLANG_ENABLE_OBJC_WEAK = YES;
				CLANG_WARN_BLOCK_CAPTURE_AUTORELEASING = YES;
				CLANG_WARN_BOOL_CONVERSION = YES;
				CLANG_WARN_COMMA = YES;
				CLANG_WARN_CONSTANT_CONVERSION = YES;
				CLANG_WARN_DEPRECATED_OBJC_IMPLEMENTATIONS = YES;
				CLANG_WARN_DIRECT_OBJC_ISA_USAGE = YES_ERROR;
				CLANG_WARN_DOCUMENTATION_COMMENTS = YES;
				CLANG_WARN_EMPTY_BODY = YES;
				CLANG_WARN_ENUM_CONVERSION = YES;
				CLANG_WARN_INFINITE_RECURSION = YES;
				CLANG_WARN_INT_CONVERSION = YES;
				CLANG_WARN_NON_LITERAL_NULL_CONVERSION = YES;
				CLANG_WARN_OBJC_IMPLICIT_RETAIN_SELF = YES;
				CLANG_WARN_OBJC_LITERAL_CONVERSION = YES;
				CLANG_WARN_OBJC_ROOT_CLASS = YES_ERROR;
				CLANG_WARN_QUOTED_INCLUDE_IN_FRAMEWORK_HEADER = YES;
				CLANG_WARN_RANGE_LOOP_ANALYSIS = YES;
				CLANG_WARN_STRICT_PROTOTYPES = YES;
				CLANG_WARN_SUSPICIOUS_MOVE = YES;
				CLANG_WARN_UNGUARDED_AVAILABILITY = YES_AGGRESSIVE;
				CLANG_WARN_UNREACHABLE_CODE = YES;
				CLANG_WARN__DUPLICATE_METHOD_MATCH = YES;
				COPY_PHASE_STRIP = NO;
				DEBUG_INFORMATION_FORMAT = "dwarf-with-dsym";
				ENABLE_NS_ASSERTIONS = NO;
				ENABLE_STRICT_OBJC_MSGSEND = YES;
				GCC_C_LANGUAGE_STANDARD = gnu11;
				GCC_NO_COMMON_BLOCKS = YES;
				GCC_WARN_64_TO_32_BIT_CONVERSION = YES;
				GCC_WARN_ABOUT_RETURN_TYPE = YES_ERROR;
				GCC_WARN_UNDECLARED_SELECTOR = YES;
				GCC_WARN_UNINITIALIZED_AUTOS = YES_AGGRESSIVE;
				GCC_WARN_UNUSED_FUNCTION = YES;
				GCC_WARN_UNUSED_VARIABLE = YES;
				IPHONEOS_DEPLOYMENT_TARGET = 13.4;
				MTL_ENABLE_DEBUG_INFO = NO;
				MTL_FAST_MATH = YES;
				SDKROOT = iphoneos;
				SWIFT_COMPILATION_MODE = wholemodule;
				SWIFT_OPTIMIZATION_LEVEL = "-O";
				VALIDATE_PRODUCT = YES;
			};
			name = Release;
		};
		EB120EE92475A1E00059898C /* Debug */ = {
			isa = XCBuildConfiguration;
			baseConfigurationReference = 72C10C67E116CCCA2F4960C0 /* Pods-Lijn.debug.xcconfig */;
			buildSettings = {
				ASSETCATALOG_COMPILER_APPICON_NAME = AppIcon;
				CODE_SIGN_STYLE = Automatic;
				DEVELOPMENT_ASSET_PATHS = "\"Lijn/Preview Content\"";
				DEVELOPMENT_TEAM = G7E2N3DSLU;
				ENABLE_PREVIEWS = YES;
				INFOPLIST_FILE = Lijn/Info.plist;
				LD_RUNPATH_SEARCH_PATHS = (
					"$(inherited)",
					"@executable_path/Frameworks",
				);
				MARKETING_VERSION = 0.1;
				PRODUCT_BUNDLE_IDENTIFIER = co.aymanebengrina.Lijn;
				PRODUCT_NAME = "$(TARGET_NAME)";
				SWIFT_VERSION = 5.0;
				TARGETED_DEVICE_FAMILY = 2;
			};
			name = Debug;
		};
		EB120EEA2475A1E00059898C /* Release */ = {
			isa = XCBuildConfiguration;
			baseConfigurationReference = F9158B046F5FD14E57B3CC6A /* Pods-Lijn.release.xcconfig */;
			buildSettings = {
				ASSETCATALOG_COMPILER_APPICON_NAME = AppIcon;
				CODE_SIGN_STYLE = Automatic;
				DEVELOPMENT_ASSET_PATHS = "\"Lijn/Preview Content\"";
				DEVELOPMENT_TEAM = G7E2N3DSLU;
				ENABLE_PREVIEWS = YES;
				INFOPLIST_FILE = Lijn/Info.plist;
				LD_RUNPATH_SEARCH_PATHS = (
					"$(inherited)",
					"@executable_path/Frameworks",
				);
				MARKETING_VERSION = 0.1;
				PRODUCT_BUNDLE_IDENTIFIER = co.aymanebengrina.Lijn;
				PRODUCT_NAME = "$(TARGET_NAME)";
				SWIFT_VERSION = 5.0;
				TARGETED_DEVICE_FAMILY = 2;
			};
			name = Release;
		};
		EB120EEC2475A1E00059898C /* Debug */ = {
			isa = XCBuildConfiguration;
			baseConfigurationReference = C7CA6F7E9A98E7A7875B1399 /* Pods-LijnTests.debug.xcconfig */;
			buildSettings = {
				ALWAYS_EMBED_SWIFT_STANDARD_LIBRARIES = YES;
				BUNDLE_LOADER = "$(TEST_HOST)";
				CODE_SIGN_STYLE = Automatic;
				DEVELOPMENT_TEAM = G7E2N3DSLU;
				INFOPLIST_FILE = LijnTests/Info.plist;
				IPHONEOS_DEPLOYMENT_TARGET = 13.4;
				LD_RUNPATH_SEARCH_PATHS = (
					"$(inherited)",
					"@executable_path/Frameworks",
					"@loader_path/Frameworks",
				);
				PRODUCT_BUNDLE_IDENTIFIER = co.aymanebengrina.LijnTests;
				PRODUCT_NAME = "$(TARGET_NAME)";
				SWIFT_VERSION = 5.0;
				TARGETED_DEVICE_FAMILY = "1,2";
				TEST_HOST = "$(BUILT_PRODUCTS_DIR)/Lijn.app/Lijn";
			};
			name = Debug;
		};
		EB120EED2475A1E00059898C /* Release */ = {
			isa = XCBuildConfiguration;
			baseConfigurationReference = 2B765C8B658BD17BE8B35931 /* Pods-LijnTests.release.xcconfig */;
			buildSettings = {
				ALWAYS_EMBED_SWIFT_STANDARD_LIBRARIES = YES;
				BUNDLE_LOADER = "$(TEST_HOST)";
				CODE_SIGN_STYLE = Automatic;
				DEVELOPMENT_TEAM = G7E2N3DSLU;
				INFOPLIST_FILE = LijnTests/Info.plist;
				IPHONEOS_DEPLOYMENT_TARGET = 13.4;
				LD_RUNPATH_SEARCH_PATHS = (
					"$(inherited)",
					"@executable_path/Frameworks",
					"@loader_path/Frameworks",
				);
				PRODUCT_BUNDLE_IDENTIFIER = co.aymanebengrina.LijnTests;
				PRODUCT_NAME = "$(TARGET_NAME)";
				SWIFT_VERSION = 5.0;
				TARGETED_DEVICE_FAMILY = "1,2";
				TEST_HOST = "$(BUILT_PRODUCTS_DIR)/Lijn.app/Lijn";
			};
			name = Release;
		};
		EB120EEF2475A1E00059898C /* Debug */ = {
			isa = XCBuildConfiguration;
			baseConfigurationReference = 41A22F0477213AABF2E80E6E /* Pods-Lijn-LijnUITests.debug.xcconfig */;
			buildSettings = {
				ALWAYS_EMBED_SWIFT_STANDARD_LIBRARIES = YES;
				CODE_SIGN_STYLE = Automatic;
				DEVELOPMENT_TEAM = G7E2N3DSLU;
				INFOPLIST_FILE = LijnUITests/Info.plist;
				LD_RUNPATH_SEARCH_PATHS = (
					"$(inherited)",
					"@executable_path/Frameworks",
					"@loader_path/Frameworks",
				);
				PRODUCT_BUNDLE_IDENTIFIER = co.aymanebengrina.LijnUITests;
				PRODUCT_NAME = "$(TARGET_NAME)";
				SWIFT_VERSION = 5.0;
				TARGETED_DEVICE_FAMILY = "1,2";
				TEST_TARGET_NAME = Lijn;
			};
			name = Debug;
		};
		EB120EF02475A1E00059898C /* Release */ = {
			isa = XCBuildConfiguration;
			baseConfigurationReference = 225AE9D7ABE55A57499AA5BF /* Pods-Lijn-LijnUITests.release.xcconfig */;
			buildSettings = {
				ALWAYS_EMBED_SWIFT_STANDARD_LIBRARIES = YES;
				CODE_SIGN_STYLE = Automatic;
				DEVELOPMENT_TEAM = G7E2N3DSLU;
				INFOPLIST_FILE = LijnUITests/Info.plist;
				LD_RUNPATH_SEARCH_PATHS = (
					"$(inherited)",
					"@executable_path/Frameworks",
					"@loader_path/Frameworks",
				);
				PRODUCT_BUNDLE_IDENTIFIER = co.aymanebengrina.LijnUITests;
				PRODUCT_NAME = "$(TARGET_NAME)";
				SWIFT_VERSION = 5.0;
				TARGETED_DEVICE_FAMILY = "1,2";
				TEST_TARGET_NAME = Lijn;
			};
			name = Release;
		};
/* End XCBuildConfiguration section */

/* Begin XCConfigurationList section */
		EB120EB92475A1D90059898C /* Build configuration list for PBXProject "Lijn" */ = {
			isa = XCConfigurationList;
			buildConfigurations = (
				EB120EE62475A1E00059898C /* Debug */,
				EB120EE72475A1E00059898C /* Release */,
			);
			defaultConfigurationIsVisible = 0;
			defaultConfigurationName = Release;
		};
		EB120EE82475A1E00059898C /* Build configuration list for PBXNativeTarget "Lijn" */ = {
			isa = XCConfigurationList;
			buildConfigurations = (
				EB120EE92475A1E00059898C /* Debug */,
				EB120EEA2475A1E00059898C /* Release */,
			);
			defaultConfigurationIsVisible = 0;
			defaultConfigurationName = Release;
		};
		EB120EEB2475A1E00059898C /* Build configuration list for PBXNativeTarget "LijnTests" */ = {
			isa = XCConfigurationList;
			buildConfigurations = (
				EB120EEC2475A1E00059898C /* Debug */,
				EB120EED2475A1E00059898C /* Release */,
			);
			defaultConfigurationIsVisible = 0;
			defaultConfigurationName = Release;
		};
		EB120EEE2475A1E00059898C /* Build configuration list for PBXNativeTarget "LijnUITests" */ = {
			isa = XCConfigurationList;
			buildConfigurations = (
				EB120EEF2475A1E00059898C /* Debug */,
				EB120EF02475A1E00059898C /* Release */,
			);
			defaultConfigurationIsVisible = 0;
			defaultConfigurationName = Release;
		};
/* End XCConfigurationList section */

/* Begin XCRemoteSwiftPackageReference section */
		EB6944AE24ACD2FF00D27748 /* XCRemoteSwiftPackageReference "SwiftUI-PullToRefresh" */ = {
			isa = XCRemoteSwiftPackageReference;
			repositoryURL = "https://github.com/AppPear/SwiftUI-PullToRefresh";
			requirement = {
				branch = master;
				kind = branch;
			};
		};
/* End XCRemoteSwiftPackageReference section */

/* Begin XCSwiftPackageProductDependency section */
		EB6944AF24ACD2FF00D27748 /* SwiftUIPullToRefresh */ = {
			isa = XCSwiftPackageProductDependency;
			package = EB6944AE24ACD2FF00D27748 /* XCRemoteSwiftPackageReference "SwiftUI-PullToRefresh" */;
			productName = SwiftUIPullToRefresh;
		};
/* End XCSwiftPackageProductDependency section */
	};
	rootObject = EB120EB62475A1D90059898C /* Project object */;
}
